{
  "name": "rhema-daily",
  "version": "1.6.2",
  "lockfileVersion": 3,
  "requires": true,
  "packages": {
    "": {
      "name": "rhema-daily",
      "version": "1.6.2",
      "hasInstallScript": true,
      "license": "MIT",
      "os": [
        "darwin",
        "win32"
      ],
      "bin": {
        "rhema": "bin/rhema.js"
      },
      "engines": {
        "node": ">=18.0.0"
      }
    }
  }
}
